PODS:
  - UAFToolkit/Boilerplate (0.1.0):
    - UAFToolkit/Navigation
    - UAFToolkit/UIKit
  - UAFToolkit/Navigation (0.1.0):
    - UAFToolkit/Boilerplate
    - UAFToolkit/UI
  - UAFToolkit/UI (0.1.0):
    - UAFToolkit/Boilerplate
    - UAFToolkit/Utility
  - UAFToolkit/UIKit (0.1.0):
    - UAFToolkit/Utility
  - UAFToolkit/Utility (0.1.0)

DEPENDENCIES:
  - UAFToolkit/Boilerplate (from `~/Xcode/Library/UAFToolkit`)
  - UAFToolkit/Navigation (from `~/Xcode/Library/UAFToolkit`)
  - UAFToolkit/UI (from `~/Xcode/Library/UAFToolkit`)
  - UAFToolkit/UIKit (from `~/Xcode/Library/UAFToolkit`)
  - UAFToolkit/Utility (from `~/Xcode/Library/UAFToolkit`)

EXTERNAL SOURCES:
  UAFToolkit:
    :path: ~/Xcode/Library/UAFToolkit

SPEC CHECKSUMS:
  UAFToolkit: cc21ff4fa089a456c849e52962621b4c8fd14179

COCOAPODS: 0.20.2
