PODS:
  - UAFToolkit/Boilerplate (0.1.0):
    - UAFToolkit/Navigation
    - UAFToolkit/UIKit
  - UAFToolkit/Navigation (0.1.0):
    - UAFToolkit/Boilerplate
    - UAFToolkit/UI
  - UAFToolkit/UI (0.1.0):
    - UAFToolkit/Boilerplate
    - UAFToolkit/Utility
  - UAFToolkit/UIKit (0.1.0):
    - UAFToolkit/Utility
  - UAFToolkit/Utility (0.1.0)

DEPENDENCIES:
  - UAFToolkit/Boilerplate (from `https://bitbucket.org/hlfcoding/uaftoolkit.git`)
  - UAFToolkit/Navigation (from `https://bitbucket.org/hlfcoding/uaftoolkit.git`)
  - UAFToolkit/UI (from `https://bitbucket.org/hlfcoding/uaftoolkit.git`)
  - UAFToolkit/UIKit (from `https://bitbucket.org/hlfcoding/uaftoolkit.git`)
  - UAFToolkit/Utility (from `https://bitbucket.org/hlfcoding/uaftoolkit.git`)

EXTERNAL SOURCES:
  UAFToolkit:
    :git: https://bitbucket.org/hlfcoding/uaftoolkit.git

SPEC CHECKSUMS:
  UAFToolkit: cc21ff4fa089a456c849e52962621b4c8fd14179

COCOAPODS: 0.20.2
